
Microsoft Visual Studio Solution File, Format Version 12.00
# Visual Studio Version 16
VisualStudioVersion = 16.0.32002.261
MinimumVisualStudioVersion = 10.0.40219.1
Project("{FAE04EC0-301F-11D3-BF4B-00C04F79EFBC}") = "File", "File\File.csproj", "{0D935B04-19BF-406B-9CDB-F5082EB6550D}"
EndProject
Global
	GlobalSection(SolutionConfigurationPlatforms) = preSolution
		Debug|Any CPU = Debug|Any CPU
		Release|Any CPU = Release|Any CPU
	EndGlobalSection
	GlobalSection(ProjectConfigurationPlatforms) = postSolution
		{0D935B04-19BF-406B-9CDB-F5082EB6550D}.Debug|Any CPU.ActiveCfg = Debug|Any CPU
		{0D935B04-19BF-406B-9CDB-F5082EB6550D}.Debug|Any CPU.Build.0 = Debug|Any CPU
		{0D935B04-19BF-406B-9CDB-F5082EB6550D}.Release|Any CPU.ActiveCfg = Release|Any CPU
		{0D935B04-19BF-406B-9CDB-F5082EB6550D}.Release|Any CPU.Build.0 = Release|Any CPU
	EndGlobalSection
	GlobalSection(SolutionProperties) = preSolution
		HideSolutionNode = FALSE
	EndGlobalSection
	GlobalSection(ExtensibilityGlobals) = postSolution
		SolutionGuid = {009D11C1-E5D8-4921-AEF5-B59443E80A4F}
	EndGlobalSection
EndGlobal
